
Microsoft Visual Studio Solution File, Format Version 12.00
# Visual Studio Version 16
VisualStudioVersion = 16.0.29411.108
MinimumVisualStudioVersion = 10.0.40219.1
Project("{FAE04EC0-301F-11D3-BF4B-00C04F79EFBC}") = "Garage2.5", "Garage2.5\Garage2.5.csproj", "{39035DD5-D249-4280-BDA5-6FD03D181A12}"
EndProject
Global
	GlobalSection(SolutionConfigurationPlatforms) = preSolution
		Debug|Any CPU = Debug|Any CPU
		Release|Any CPU = Release|Any CPU
	EndGlobalSection
	GlobalSection(ProjectConfigurationPlatforms) = postSolution
		{39035DD5-D249-4280-BDA5-6FD03D181A12}.Debug|Any CPU.ActiveCfg = Debug|Any CPU
		{39035DD5-D249-4280-BDA5-6FD03D181A12}.Debug|Any CPU.Build.0 = Debug|Any CPU
		{39035DD5-D249-4280-BDA5-6FD03D181A12}.Release|Any CPU.ActiveCfg = Release|Any CPU
		{39035DD5-D249-4280-BDA5-6FD03D181A12}.Release|Any CPU.Build.0 = Release|Any CPU
	EndGlobalSection
	GlobalSection(SolutionProperties) = preSolution
		HideSolutionNode = FALSE
	EndGlobalSection
	GlobalSection(ExtensibilityGlobals) = postSolution
		SolutionGuid = {AB3EF25A-2135-48B3-A679-DD6A40FA9FFB}
	EndGlobalSection
EndGlobal
